
Microsoft Visual Studio Solution File, Format Version 12.00
# Visual Studio 15
VisualStudioVersion = 15.0.28307.572
MinimumVisualStudioVersion = 10.0.40219.1
Project("{FAE04EC0-301F-11D3-BF4B-00C04F79EFBC}") = "ServiceWorkflowPlugin", "ServiceWorkflowPlugin\ServiceWorkflowPlugin.csproj", "{4DE8ED20-F17D-47C9-B4A3-62D5CFA4F644}"
EndProject
Project("{2150E333-8FDC-42A3-9474-1A3956D46DE8}") = "Tests", "Tests", "{2FC522CA-C8B6-49B3-B95D-119F17AE84FF}"
EndProject
Project("{FAE04EC0-301F-11D3-BF4B-00C04F79EFBC}") = "ServiceWorkflowPlugin.Integration.Test", "ServiceWorkflowPlugin.Integration.Test\ServiceWorkflowPlugin.Integration.Test.csproj", "{1FD59BC5-7199-41AC-968E-D94498F349F5}"
EndProject
Project("{FAE04EC0-301F-11D3-BF4B-00C04F79EFBC}") = "Microting.eFormWorkflowBase", "..\eform-workflow-base\Microting.eFormWorkflowBase\Microting.eFormWorkflowBase.csproj", "{58A18C76-1A2D-4BD9-8D9B-93F751F2F03A}"
EndProject
Global
	GlobalSection(SolutionConfigurationPlatforms) = preSolution
		Debug|Any CPU = Debug|Any CPU
		Release|Any CPU = Release|Any CPU
	EndGlobalSection
	GlobalSection(ProjectConfigurationPlatforms) = postSolution
		{4DE8ED20-F17D-47C9-B4A3-62D5CFA4F644}.Debug|Any CPU.ActiveCfg = Debug|Any CPU
		{4DE8ED20-F17D-47C9-B4A3-62D5CFA4F644}.Debug|Any CPU.Build.0 = Debug|Any CPU
		{4DE8ED20-F17D-47C9-B4A3-62D5CFA4F644}.Release|Any CPU.ActiveCfg = Release|Any CPU
		{4DE8ED20-F17D-47C9-B4A3-62D5CFA4F644}.Release|Any CPU.Build.0 = Release|Any CPU
		{1FD59BC5-7199-41AC-968E-D94498F349F5}.Debug|Any CPU.ActiveCfg = Debug|Any CPU
		{1FD59BC5-7199-41AC-968E-D94498F349F5}.Debug|Any CPU.Build.0 = Debug|Any CPU
		{1FD59BC5-7199-41AC-968E-D94498F349F5}.Release|Any CPU.ActiveCfg = Release|Any CPU
		{1FD59BC5-7199-41AC-968E-D94498F349F5}.Release|Any CPU.Build.0 = Release|Any CPU
		{58A18C76-1A2D-4BD9-8D9B-93F751F2F03A}.Debug|Any CPU.ActiveCfg = Debug|Any CPU
		{58A18C76-1A2D-4BD9-8D9B-93F751F2F03A}.Debug|Any CPU.Build.0 = Debug|Any CPU
		{58A18C76-1A2D-4BD9-8D9B-93F751F2F03A}.Release|Any CPU.ActiveCfg = Release|Any CPU
		{58A18C76-1A2D-4BD9-8D9B-93F751F2F03A}.Release|Any CPU.Build.0 = Release|Any CPU
	EndGlobalSection
	GlobalSection(SolutionProperties) = preSolution
		HideSolutionNode = FALSE
	EndGlobalSection
	GlobalSection(ExtensibilityGlobals) = postSolution
		SolutionGuid = {412AE463-6CEB-49F9-BC67-8295D263DE48}
	EndGlobalSection
	GlobalSection(NestedProjects) = preSolution
		{1FD59BC5-7199-41AC-968E-D94498F349F5} = {2FC522CA-C8B6-49B3-B95D-119F17AE84FF}
	EndGlobalSection
EndGlobal
